
Microsoft Visual Studio Solution File, Format Version 12.00
# Visual Studio Version 17
VisualStudioVersion = 17.9.34701.34
MinimumVisualStudioVersion = 10.0.40219.1
Project("{FAE04EC0-301F-11D3-BF4B-00C04F79EFBC}") = "LabCars_10", "LabCars_10\LabCars_10.csproj", "{3FF5545F-0A4D-4F08-822B-B7AD11416755}"
	ProjectSection(ProjectDependencies) = postProject
		{C04FA01D-A3E5-4153-AA2D-0D8835342F05} = {C04FA01D-A3E5-4153-AA2D-0D8835342F05}
	EndProjectSection
EndProject
Project("{FAE04EC0-301F-11D3-BF4B-00C04F79EFBC}") = "Cars", "Cars\Cars.csproj", "{C04FA01D-A3E5-4153-AA2D-0D8835342F05}"
EndProject
Project("{FAE04EC0-301F-11D3-BF4B-00C04F79EFBC}") = "TestCars", "TestCars\TestCars.csproj", "{DC1C2220-BB8B-4467-8D1C-D1EEEE703750}"
EndProject
Global
	GlobalSection(SolutionConfigurationPlatforms) = preSolution
		Debug|Any CPU = Debug|Any CPU
		Release|Any CPU = Release|Any CPU
	EndGlobalSection
	GlobalSection(ProjectConfigurationPlatforms) = postSolution
		{3FF5545F-0A4D-4F08-822B-B7AD11416755}.Debug|Any CPU.ActiveCfg = Debug|Any CPU
		{3FF5545F-0A4D-4F08-822B-B7AD11416755}.Debug|Any CPU.Build.0 = Debug|Any CPU
		{3FF5545F-0A4D-4F08-822B-B7AD11416755}.Release|Any CPU.ActiveCfg = Release|Any CPU
		{3FF5545F-0A4D-4F08-822B-B7AD11416755}.Release|Any CPU.Build.0 = Release|Any CPU
		{C04FA01D-A3E5-4153-AA2D-0D8835342F05}.Debug|Any CPU.ActiveCfg = Debug|Any CPU
		{C04FA01D-A3E5-4153-AA2D-0D8835342F05}.Debug|Any CPU.Build.0 = Debug|Any CPU
		{C04FA01D-A3E5-4153-AA2D-0D8835342F05}.Release|Any CPU.ActiveCfg = Release|Any CPU
		{C04FA01D-A3E5-4153-AA2D-0D8835342F05}.Release|Any CPU.Build.0 = Release|Any CPU
		{DC1C2220-BB8B-4467-8D1C-D1EEEE703750}.Debug|Any CPU.ActiveCfg = Debug|Any CPU
		{DC1C2220-BB8B-4467-8D1C-D1EEEE703750}.Debug|Any CPU.Build.0 = Debug|Any CPU
		{DC1C2220-BB8B-4467-8D1C-D1EEEE703750}.Release|Any CPU.ActiveCfg = Release|Any CPU
		{DC1C2220-BB8B-4467-8D1C-D1EEEE703750}.Release|Any CPU.Build.0 = Release|Any CPU
	EndGlobalSection
	GlobalSection(SolutionProperties) = preSolution
		HideSolutionNode = FALSE
	EndGlobalSection
	GlobalSection(ExtensibilityGlobals) = postSolution
		SolutionGuid = {E1A1BD0A-5565-4628-BD6E-B4B072D637C6}
	EndGlobalSection
EndGlobal
